
Microsoft Visual Studio Solution File, Format Version 12.00
# Visual Studio 15
VisualStudioVersion = 15.0.28307.1401
MinimumVisualStudioVersion = 10.0.40219.1
Project("{FAE04EC0-301F-11D3-BF4B-00C04F79EFBC}") = "WordlistSmith", "WordlistSmith\WordlistSmith.csproj", "{CBBB4C6C-90AF-4256-BC47-8ACD56EB385B}"
EndProject
Global
	GlobalSection(SolutionConfigurationPlatforms) = preSolution
		Debug|Any CPU = Debug|Any CPU
		Release|Any CPU = Release|Any CPU
	EndGlobalSection
	GlobalSection(ProjectConfigurationPlatforms) = postSolution
		{CBBB4C6C-90AF-4256-BC47-8ACD56EB385B}.Debug|Any CPU.ActiveCfg = Debug|Any CPU
		{CBBB4C6C-90AF-4256-BC47-8ACD56EB385B}.Debug|Any CPU.Build.0 = Debug|Any CPU
		{CBBB4C6C-90AF-4256-BC47-8ACD56EB385B}.Release|Any CPU.ActiveCfg = Release|Any CPU
		{CBBB4C6C-90AF-4256-BC47-8ACD56EB385B}.Release|Any CPU.Build.0 = Release|Any CPU
	EndGlobalSection
	GlobalSection(SolutionProperties) = preSolution
		HideSolutionNode = FALSE
	EndGlobalSection
	GlobalSection(ExtensibilityGlobals) = postSolution
		SolutionGuid = {E8541B07-20F9-4FE8-90C4-DCC75A7E4196}
	EndGlobalSection
EndGlobal
